// !$*UTF8*$!
{
	archiveVersion = 1;
	classes = {
	};
	objectVersion = 46;
	objects = {

/* Begin PBXBuildFile section */
		D75DC3CC1B8F1E9600AD7CA5 /* main.m in Sources */ = {isa = PBXBuildFile; fileRef = D75DC3CB1B8F1E9600AD7CA5 /* main.m */; };
		D75DC3CF1B8F1E9600AD7CA5 /* AppDelegate.m in Sources */ = {isa = PBXBuildFile; fileRef = D75DC3CE1B8F1E9600AD7CA5 /* AppDelegate.m */; };
		D75DC3D21B8F1E9600AD7CA5 /* ViewController.m in Sources */ = {isa = PBXBuildFile; fileRef = D75DC3D11B8F1E9600AD7CA5 /* ViewController.m */; };
		D75DC3D51B8F1E9600AD7CA5 /* Main.storyboard in Resources */ = {isa = PBXBuildFile; fileRef = D75DC3D31B8F1E9600AD7CA5 /* Main.storyboard */; };
		D75DC3D71B8F1E9600AD7CA5 /* Images.xcassets in Resources */ = {isa = PBXBuildFile; fileRef = D75DC3D61B8F1E9600AD7CA5 /* Images.xcassets */; };
		D75DC3DA1B8F1E9600AD7CA5 /* LaunchScreen.xib in Resources */ = {isa = PBXBuildFile; fileRef = D75DC3D81B8F1E9600AD7CA5 /* LaunchScreen.xib */; };
		D75DC3E61B8F1E9600AD7CA5 /* friendsTests.m in Sources */ = {isa = PBXBuildFile; fileRef = D75DC3E51B8F1E9600AD7CA5 /* friendsTests.m */; };
/* End PBXBuildFile section */

/* Begin PBXContainerItemProxy section */
		D75DC3E01B8F1E9600AD7CA5 /* PBXContainerItemProxy */ = {
			isa = PBXContainerItemProxy;
			containerPortal = D75DC3BE1B8F1E9600AD7CA5 /* Project object */;
			proxyType = 1;
			remoteGlobalIDString = D75DC3C51B8F1E9600AD7CA5;
			remoteInfo = friends;
		};
/* End PBXContainerItemProxy section */

/* Begin PBXFileReference section */
		D75DC3C61B8F1E9600AD7CA5 /* friends.app */ = {isa = PBXFileReference; explicitFileType = wrapper.application; includeInIndex = 0; path = friends.app; sourceTree = BUILT_PRODUCTS_DIR; };
		D75DC3CA1B8F1E9600AD7CA5 /* Info.plist */ = {isa = PBXFileReference; lastKnownFileType = text.plist.xml; path = Info.plist; sourceTree = "<group>"; };
		D75DC3CB1B8F1E9600AD7CA5 /* main.m */ = {isa = PBXFileReference; lastKnownFileType = sourcecode.c.objc; path = main.m; sourceTree = "<group>"; };
		D75DC3CD1B8F1E9600AD7CA5 /* AppDelegate.h */ = {isa = PBXFileReference; lastKnownFileType = sourcecode.c.h; path = AppDelegate.h; sourceTree = "<group>"; };
		D75DC3CE1B8F1E9600AD7CA5 /* AppDelegate.m */ = {isa = PBXFileReference; lastKnownFileType = sourcecode.c.objc; path = AppDelegate.m; sourceTree = "<group>"; };
		D75DC3D01B8F1E9600AD7CA5 /* ViewController.h */ = {isa = PBXFileReference; lastKnownFileType = sourcecode.c.h; path = ViewController.h; sourceTree = "<group>"; };
		D75DC3D11B8F1E9600AD7CA5 /* ViewController.m */ = {isa = PBXFileReference; lastKnownFileType = sourcecode.c.objc; path = ViewController.m; sourceTree = "<group>"; };
		D75DC3D41B8F1E9600AD7CA5 /* Base */ = {isa = PBXFileReference; lastKnownFileType = file.storyboard; name = Base; path = Base.lproj/Main.storyboard; sourceTree = "<group>"; };
		D75DC3D61B8F1E9600AD7CA5 /* Images.xcassets */ = {isa = PBXFileReference; lastKnownFileType = folder.assetcatalog; path = Images.xcassets; sourceTree = "<group>"; };
		D75DC3D91B8F1E9600AD7CA5 /* Base */ = {isa = PBXFileReference; lastKnownFileType = file.xib; name = Base; path = Base.lproj/LaunchScreen.xib; sourceTree = "<group>"; };
		D75DC3DF1B8F1E9600AD7CA5 /* friendsTests.xctest */ = {isa = PBXFileReference; explicitFileType = wrapper.cfbundle; includeInIndex = 0; path = friendsTests.xctest; sourceTree = BUILT_PRODUCTS_DIR; };
		D75DC3E41B8F1E9600AD7CA5 /* Info.plist */ = {isa = PBXFileReference; lastKnownFileType = text.plist.xml; path = Info.plist; sourceTree = "<group>"; };
		D75DC3E51B8F1E9600AD7CA5 /* friendsTests.m */ = {isa = PBXFileReference; lastKnownFileType = sourcecode.c.objc; path = friendsTests.m; sourceTree = "<group>"; };
/* End PBXFileReference section */

/* Begin PBXFrameworksBuildPhase section */
		D75DC3C31B8F1E9600AD7CA5 /* Frameworks */ = {
			isa = PBXFrameworksBuildPhase;
			buildActionMask = 2147483647;
			files = (
			);
			runOnlyForDeploymentPostprocessing = 0;
		};
		D75DC3DC1B8F1E9600AD7CA5 /* Frameworks */ = {
			isa = PBXFrameworksBuildPhase;
			buildActionMask = 2147483647;
			files = (
			);
			runOnlyForDeploymentPostprocessing = 0;
		};
/* End PBXFrameworksBuildPhase section */

/* Begin PBXGroup section */
		D75DC3BD1B8F1E9600AD7CA5 = {
			isa = PBXGroup;
			children = (
				D75DC3C81B8F1E9600AD7CA5 /* friends */,
				D75DC3E21B8F1E9600AD7CA5 /* friendsTests */,
				D75DC3C71B8F1E9600AD7CA5 /* Products */,
			);
			sourceTree = "<group>";
		};
		D75DC3C71B8F1E9600AD7CA5 /* Products */ = {
			isa = PBXGroup;
			children = (
				D75DC3C61B8F1E9600AD7CA5 /* friends.app */,
				D75DC3DF1B8F1E9600AD7CA5 /* friendsTests.xctest */,
			);
			name = Products;
			sourceTree = "<group>";
		};
		D75DC3C81B8F1E9600AD7CA5 /* friends */ = {
			isa = PBXGroup;
			children = (
				D75DC3CD1B8F1E9600AD7CA5 /* AppDelegate.h */,
				D75DC3CE1B8F1E9600AD7CA5 /* AppDelegate.m */,
				D75DC3D01B8F1E9600AD7CA5 /* ViewController.h */,
				D75DC3D11B8F1E9600AD7CA5 /* ViewController.m */,
				D75DC3D31B8F1E9600AD7CA5 /* Main.storyboard */,
				D75DC3D61B8F1E9600AD7CA5 /* Images.xcassets */,
				D75DC3D81B8F1E9600AD7CA5 /* LaunchScreen.xib */,
				D75DC3C91B8F1E9600AD7CA5 /* Supporting Files */,
			);
			path = friends;
			sourceTree = "<group>";
		};
		D75DC3C91B8F1E9600AD7CA5 /* Supporting Files */ = {
			isa = PBXGroup;
			children = (
				D75DC3CA1B8F1E9600AD7CA5 /* Info.plist */,
				D75DC3CB1B8F1E9600AD7CA5 /* main.m */,
			);
			name = "Supporting Files";
			sourceTree = "<group>";
		};
		D75DC3E21B8F1E9600AD7CA5 /* friendsTests */ = {
			isa = PBXGroup;
			children = (
				D75DC3E51B8F1E9600AD7CA5 /* friendsTests.m */,
				D75DC3E31B8F1E9600AD7CA5 /* Supporting Files */,
			);
			path = friendsTests;
			sourceTree = "<group>";
		};
		D75DC3E31B8F1E9600AD7CA5 /* Supporting Files */ = {
			isa = PBXGroup;
			children = (
				D75DC3E41B8F1E9600AD7CA5 /* Info.plist */,
			);
			name = "Supporting Files";
			sourceTree = "<group>";
		};
/* End PBXGroup section */

/* Begin PBXNativeTarget section */
		D75DC3C51B8F1E9600AD7CA5 /* friends */ = {
			isa = PBXNativeTarget;
			buildConfigurationList = D75DC3E91B8F1E9600AD7CA5 /* Build configuration list for PBXNativeTarget "friends" */;
			buildPhases = (
				D75DC3C21B8F1E9600AD7CA5 /* Sources */,
				D75DC3C31B8F1E9600AD7CA5 /* Frameworks */,
				D75DC3C41B8F1E9600AD7CA5 /* Resources */,
			);
			buildRules = (
			);
			dependencies = (
			);
			name = friends;
			productName = friends;
			productReference = D75DC3C61B8F1E9600AD7CA5 /* friends.app */;
			productType = "com.apple.product-type.application";
		};
		D75DC3DE1B8F1E9600AD7CA5 /* friendsTests */ = {
			isa = PBXNativeTarget;
			buildConfigurationList = D75DC3EC1B8F1E9600AD7CA5 /* Build configuration list for PBXNativeTarget "friendsTests" */;
			buildPhases = (
				D75DC3DB1B8F1E9600AD7CA5 /* Sources */,
				D75DC3DC1B8F1E9600AD7CA5 /* Frameworks */,
				D75DC3DD1B8F1E9600AD7CA5 /* Resources */,
			);
			buildRules = (
			);
			dependencies = (
				D75DC3E11B8F1E9600AD7CA5 /* PBXTargetDependency */,
			);
			name = friendsTests;
			productName = friendsTests;
			productReference = D75DC3DF1B8F1E9600AD7CA5 /* friendsTests.xctest */;
			productType = "com.apple.product-type.bundle.unit-test";
		};
/* End PBXNativeTarget section */

/* Begin PBXProject section */
		D75DC3BE1B8F1E9600AD7CA5 /* Project object */ = {
			isa = PBXProject;
			attributes = {
				LastUpgradeCheck = 0640;
				ORGANIZATIONNAME = liaosipei;
				TargetAttributes = {
					D75DC3C51B8F1E9600AD7CA5 = {
						CreatedOnToolsVersion = 6.4;
					};
					D75DC3DE1B8F1E9600AD7CA5 = {
						CreatedOnToolsVersion = 6.4;
						TestTargetID = D75DC3C51B8F1E9600AD7CA5;
					};
				};
			};
			buildConfigurationList = D75DC3C11B8F1E9600AD7CA5 /* Build configuration list for PBXProject "friends" */;
			compatibilityVersion = "Xcode 3.2";
			developmentRegion = English;
			hasScannedForEncodings = 0;
			knownRegions = (
				en,
				Base,
			);
			mainGroup = D75DC3BD1B8F1E9600AD7CA5;
			productRefGroup = D75DC3C71B8F1E9600AD7CA5 /* Products */;
			projectDirPath = "";
			projectRoot = "";
			targets = (
				D75DC3C51B8F1E9600AD7CA5 /* friends */,
				D75DC3DE1B8F1E9600AD7CA5 /* friendsTests */,
			);
		};
/* End PBXProject section */

/* Begin PBXResourcesBuildPhase section */
		D75DC3C41B8F1E9600AD7CA5 /* Resources */ = {
			isa = PBXResourcesBuildPhase;
			buildActionMask = 2147483647;
			files = (
				D75DC3D51B8F1E9600AD7CA5 /* Main.storyboard in Resources */,
				D75DC3DA1B8F1E9600AD7CA5 /* LaunchScreen.xib in Resources */,
				D75DC3D71B8F1E9600AD7CA5 /* Images.xcassets in Resources */,
			);
			runOnlyForDeploymentPostprocessing = 0;
		};
		D75DC3DD1B8F1E9600AD7CA5 /* Resources */ = {
			isa = PBXResourcesBuildPhase;
			buildActionMask = 2147483647;
			files = (
			);
			runOnlyForDeploymentPostprocessing = 0;
		};
/* End PBXResourcesBuildPhase section */

/* Begin PBXSourcesBuildPhase section */
		D75DC3C21B8F1E9600AD7CA5 /* Sources */ = {
			isa = PBXSourcesBuildPhase;
			buildActionMask = 2147483647;
			files = (
				D75DC3D21B8F1E9600AD7CA5 /* ViewController.m in Sources */,
				D75DC3CF1B8F1E9600AD7CA5 /* AppDelegate.m in Sources */,
				D75DC3CC1B8F1E9600AD7CA5 /* main.m in Sources */,
			);
			runOnlyForDeploymentPostprocessing = 0;
		};
		D75DC3DB1B8F1E9600AD7CA5 /* Sources */ = {
			isa = PBXSourcesBuildPhase;
			buildActionMask = 2147483647;
			files = (
				D75DC3E61B8F1E9600AD7CA5 /* friendsTests.m in Sources */,
			);
			runOnlyForDeploymentPostprocessing = 0;
		};
/* End PBXSourcesBuildPhase section */

/* Begin PBXTargetDependency section */
		D75DC3E11B8F1E9600AD7CA5 /* PBXTargetDependency */ = {
			isa = PBXTargetDependency;
			target = D75DC3C51B8F1E9600AD7CA5 /* friends */;
			targetProxy = D75DC3E01B8F1E9600AD7CA5 /* PBXContainerItemProxy */;
		};
/* End PBXTargetDependency section */

/* Begin PBXVariantGroup section */
		D75DC3D31B8F1E9600AD7CA5 /* Main.storyboard */ = {
			isa = PBXVariantGroup;
			children = (
				D75DC3D41B8F1E9600AD7CA5 /* Base */,
			);
			name = Main.storyboard;
			sourceTree = "<group>";
		};
		D75DC3D81B8F1E9600AD7CA5 /* LaunchScreen.xib */ = {
			isa = PBXVariantGroup;
			children = (
				D75DC3D91B8F1E9600AD7CA5 /* Base */,
			);
			name = LaunchScreen.xib;
			sourceTree = "<group>";
		};
/* End PBXVariantGroup section */

/* Begin XCBuildConfiguration section */
		D75DC3E71B8F1E9600AD7CA5 /* Debug */ = {
			isa = XCBuildConfiguration;
			buildSettings = {
				ALWAYS_SEARCH_USER_PATHS = NO;
				CLANG_CXX_LANGUAGE_STANDARD = "gnu++0x";
				CLANG_CXX_LIBRARY = "libc++";
				CLANG_ENABLE_MODULES = YES;
				CLANG_ENABLE_OBJC_ARC = YES;
				CLANG_WARN_BOOL_CONVERSION = YES;
				CLANG_WARN_CONSTANT_CONVERSION = YES;
				CLANG_WARN_DIRECT_OBJC_ISA_USAGE = YES_ERROR;
				CLANG_WARN_EMPTY_BODY = YES;
				CLANG_WARN_ENUM_CONVERSION = YES;
				CLANG_WARN_INT_CONVERSION = YES;
				CLANG_WARN_OBJC_ROOT_CLASS = YES_ERROR;
				CLANG_WARN_UNREACHABLE_CODE = YES;
				CLANG_WARN__DUPLICATE_METHOD_MATCH = YES;
				"CODE_SIGN_IDENTITY[sdk=iphoneos*]" = "iPhone Developer";
				COPY_PHASE_STRIP = NO;
				DEBUG_INFORMATION_FORMAT = "dwarf-with-dsym";
				ENABLE_STRICT_OBJC_MSGSEND = YES;
				GCC_C_LANGUAGE_STANDARD = gnu99;
				GCC_DYNAMIC_NO_PIC = NO;
				GCC_NO_COMMON_BLOCKS = YES;
				GCC_OPTIMIZATION_LEVEL = 0;
				GCC_PREPROCESSOR_DEFINITIONS = (
					"DEBUG=1",
					"$(inherited)",
				);
				GCC_SYMBOLS_PRIVATE_EXTERN = NO;
				GCC_WARN_64_TO_32_BIT_CONVERSION = YES;
				GCC_WARN_ABOUT_RETURN_TYPE = YES_ERROR;
				GCC_WARN_UNDECLARED_SELECTOR = YES;
				GCC_WARN_UNINITIALIZED_AUTOS = YES_AGGRESSIVE;
				GCC_WARN_UNUSED_FUNCTION = YES;
				GCC_WARN_UNUSED_VARIABLE = YES;
				IPHONEOS_DEPLOYMENT_TARGET = 8.4;
				MTL_ENABLE_DEBUG_INFO = YES;
				ONLY_ACTIVE_ARCH = YES;
				SDKROOT = iphoneos;
			};
			name = Debug;
		};
		D75DC3E81B8F1E9600AD7CA5 /* Release */ = {
			isa = XCBuildConfiguration;
			buildSettings = {
				ALWAYS_SEARCH_USER_PATHS = NO;
				CLANG_CXX_LANGUAGE_STANDARD = "gnu++0x";
				CLANG_CXX_LIBRARY = "libc++";
				CLANG_ENABLE_MODULES = YES;
				CLANG_ENABLE_OBJC_ARC = YES;
				CLANG_WARN_BOOL_CONVERSION = YES;
				CLANG_WARN_CONSTANT_CONVERSION = YES;
				CLANG_WARN_DIRECT_OBJC_ISA_USAGE = YES_ERROR;
				CLANG_WARN_EMPTY_BODY = YES;
				CLANG_WARN_ENUM_CONVERSION = YES;
				CLANG_WARN_INT_CONVERSION = YES;
				CLANG_WARN_OBJC_ROOT_CLASS = YES_ERROR;
				CLANG_WARN_UNREACHABLE_CODE = YES;
				CLANG_WARN__DUPLICATE_METHOD_MATCH = YES;
				"CODE_SIGN_IDENTITY[sdk=iphoneos*]" = "iPhone Developer";
				COPY_PHASE_STRIP = NO;
				DEBUG_INFORMATION_FORMAT = "dwarf-with-dsym";
				ENABLE_NS_ASSERTIONS = NO;
				ENABLE_STRICT_OBJC_MSGSEND = YES;
				GCC_C_LANGUAGE_STANDARD = gnu99;
				GCC_NO_COMMON_BLOCKS = YES;
				GCC_WARN_64_TO_32_BIT_CONVERSION = YES;
				GCC_WARN_ABOUT_RETURN_TYPE = YES_ERROR;
				GCC_WARN_UNDECLARED_SELECTOR = YES;
				GCC_WARN_UNINITIALIZED_AUTOS = YES_AGGRESSIVE;
				GCC_WARN_UNUSED_FUNCTION = YES;
				GCC_WARN_UNUSED_VARIABLE = YES;
				IPHONEOS_DEPLOYMENT_TARGET = 8.4;
				MTL_ENABLE_DEBUG_INFO = NO;
				SDKROOT = iphoneos;
				VALIDATE_PRODUCT = YES;
			};
			name = Release;
		};
		D75DC3EA1B8F1E9600AD7CA5 /* Debug */ = {
			isa = XCBuildConfiguration;
			buildSettings = {
				ASSETCATALOG_COMPILER_APPICON_NAME = AppIcon;
				INFOPLIST_FILE = friends/Info.plist;
				LD_RUNPATH_SEARCH_PATHS = "$(inherited) @executable_path/Frameworks";
				PRODUCT_NAME = "$(TARGET_NAME)";
			};
			name = Debug;
		};
		D75DC3EB1B8F1E9600AD7CA5 /* Release */ = {
			isa = XCBuildConfiguration;
			buildSettings = {
				ASSETCATALOG_COMPILER_APPICON_NAME = AppIcon;
				INFOPLIST_FILE = friends/Info.plist;
				LD_RUNPATH_SEARCH_PATHS = "$(inherited) @executable_path/Frameworks";
				PRODUCT_NAME = "$(TARGET_NAME)";
			};
			name = Release;
		};
		D75DC3ED1B8F1E9600AD7CA5 /* Debug */ = {
			isa = XCBuildConfiguration;
			buildSettings = {
				BUNDLE_LOADER = "$(TEST_HOST)";
				FRAMEWORK_SEARCH_PATHS = (
					"$(SDKROOT)/Developer/Library/Frameworks",
					"$(inherited)",
				);
				GCC_PREPROCESSOR_DEFINITIONS = (
					"DEBUG=1",
					"$(inherited)",
				);
				INFOPLIST_FILE = friendsTests/Info.plist;
				LD_RUNPATH_SEARCH_PATHS = "$(inherited) @executable_path/Frameworks @loader_path/Frameworks";
				PRODUCT_NAME = "$(TARGET_NAME)";
				TEST_HOST = "$(BUILT_PRODUCTS_DIR)/friends.app/friends";
			};
			name = Debug;
		};
		D75DC3EE1B8F1E9600AD7CA5 /* Release */ = {
			isa = XCBuildConfiguration;
			buildSettings = {
				BUNDLE_LOADER = "$(TEST_HOST)";
				FRAMEWORK_SEARCH_PATHS = (
					"$(SDKROOT)/Developer/Library/Frameworks",
					"$(inherited)",
				);
				INFOPLIST_FILE = friendsTests/Info.plist;
				LD_RUNPATH_SEARCH_PATHS = "$(inherited) @executable_path/Frameworks @loader_path/Frameworks";
				PRODUCT_NAME = "$(TARGET_NAME)";
				TEST_HOST = "$(BUILT_PRODUCTS_DIR)/friends.app/friends";
			};
			name = Release;
		};
/* End XCBuildConfiguration section */

/* Begin XCConfigurationList section */
		D75DC3C11B8F1E9600AD7CA5 /* Build configuration list for PBXProject "friends" */ = {
			isa = XCConfigurationList;
			buildConfigurations = (
				D75DC3E71B8F1E9600AD7CA5 /* Debug */,
				D75DC3E81B8F1E9600AD7CA5 /* Release */,
			);
			defaultConfigurationIsVisible = 0;
			defaultConfigurationName = Release;
		};
		D75DC3E91B8F1E9600AD7CA5 /* Build configuration list for PBXNativeTarget "friends" */ = {
			isa = XCConfigurationList;
			buildConfigurations = (
				D75DC3EA1B8F1E9600AD7CA5 /* Debug */,
				D75DC3EB1B8F1E9600AD7CA5 /* Release */,
			);
			defaultConfigurationIsVisible = 0;
		};
		D75DC3EC1B8F1E9600AD7CA5 /* Build configuration list for PBXNativeTarget "friendsTests" */ = {
			isa = XCConfigurationList;
			buildConfigurations = (
				D75DC3ED1B8F1E9600AD7CA5 /* Debug */,
				D75DC3EE1B8F1E9600AD7CA5 /* Release */,
			);
			defaultConfigurationIsVisible = 0;
		};
/* End XCConfigurationList section */
	};
	rootObject = D75DC3BE1B8F1E9600AD7CA5 /* Project object */;
}
